// !$*UTF8*$!
{
	archiveVersion = 1;
	classes = {
	};
	objectVersion = 48;
	objects = {

/* Begin PBXBuildFile section */
		54F4C6D41FFE6B4B00F1511A /* AppDelegate.swift in Sources */ = {isa = PBXBuildFile; fileRef = 54F4C6D31FFE6B4B00F1511A /* AppDelegate.swift */; };
		54F4C6D61FFE6B4B00F1511A /* ViewController.swift in Sources */ = {isa = PBXBuildFile; fileRef = 54F4C6D51FFE6B4B00F1511A /* ViewController.swift */; };
		54F4C6D91FFE6B4B00F1511A /* Main.storyboard in Resources */ = {isa = PBXBuildFile; fileRef = 54F4C6D71FFE6B4B00F1511A /* Main.storyboard */; };
		54F4C6DB1FFE6B4B00F1511A /* Assets.xcassets in Resources */ = {isa = PBXBuildFile; fileRef = 54F4C6DA1FFE6B4B00F1511A /* Assets.xcassets */; };
		54F4C6DE1FFE6B4B00F1511A /* LaunchScreen.storyboard in Resources */ = {isa = PBXBuildFile; fileRef = 54F4C6DC1FFE6B4B00F1511A /* LaunchScreen.storyboard */; };
		54F4C6E61FFE6B6600F1511A /* AsciiArtist.swift in Sources */ = {isa = PBXBuildFile; fileRef = 54F4C6E51FFE6B6600F1511A /* AsciiArtist.swift */; };
		54F4C6E81FFE6B8300F1511A /* AsciiPalette.swift in Sources */ = {isa = PBXBuildFile; fileRef = 54F4C6E71FFE6B8300F1511A /* AsciiPalette.swift */; };
		54F4C6EA1FFE6B9900F1511A /* Pixel.swift in Sources */ = {isa = PBXBuildFile; fileRef = 54F4C6E91FFE6B9900F1511A /* Pixel.swift */; };
		54F4C6EC1FFE6BB800F1511A /* UIImage+Util.swift in Sources */ = {isa = PBXBuildFile; fileRef = 54F4C6EB1FFE6BB800F1511A /* UIImage+Util.swift */; };
		54F4C6F11FFE6C0100F1511A /* kermit.png in Resources */ = {isa = PBXBuildFile; fileRef = 54F4C6EE1FFE6C0100F1511A /* kermit.png */; };
		54F4C6F21FFE6C0100F1511A /* monkey.png in Resources */ = {isa = PBXBuildFile; fileRef = 54F4C6EF1FFE6C0100F1511A /* monkey.png */; };
		54F4C6F31FFE6C0100F1511A /* batman.png in Resources */ = {isa = PBXBuildFile; fileRef = 54F4C6F01FFE6C0100F1511A /* batman.png */; };
		E2F263FB2004AA65006E4DA1 /* Canvas.swift in Sources */ = {isa = PBXBuildFile; fileRef = E2F263FA2004AA65006E4DA1 /* Canvas.swift */; };
/* End PBXBuildFile section */

/* Begin PBXFileReference section */
		54F4C6D01FFE6B4B00F1511A /* ArtPixel.app */ = {isa = PBXFileReference; explicitFileType = wrapper.application; includeInIndex = 0; path = ArtPixel.app; sourceTree = BUILT_PRODUCTS_DIR; };
		54F4C6D31FFE6B4B00F1511A /* AppDelegate.swift */ = {isa = PBXFileReference; lastKnownFileType = sourcecode.swift; path = AppDelegate.swift; sourceTree = "<group>"; };
		54F4C6D51FFE6B4B00F1511A /* ViewController.swift */ = {isa = PBXFileReference; lastKnownFileType = sourcecode.swift; path = ViewController.swift; sourceTree = "<group>"; };
		54F4C6D81FFE6B4B00F1511A /* Base */ = {isa = PBXFileReference; lastKnownFileType = file.storyboard; name = Base; path = Base.lproj/Main.storyboard; sourceTree = "<group>"; };
		54F4C6DA1FFE6B4B00F1511A /* Assets.xcassets */ = {isa = PBXFileReference; lastKnownFileType = folder.assetcatalog; path = Assets.xcassets; sourceTree = "<group>"; };
		54F4C6DD1FFE6B4B00F1511A /* Base */ = {isa = PBXFileReference; lastKnownFileType = file.storyboard; name = Base; path = Base.lproj/LaunchScreen.storyboard; sourceTree = "<group>"; };
		54F4C6DF1FFE6B4B00F1511A /* Info.plist */ = {isa = PBXFileReference; lastKnownFileType = text.plist.xml; path = Info.plist; sourceTree = "<group>"; };
		54F4C6E51FFE6B6600F1511A /* AsciiArtist.swift */ = {isa = PBXFileReference; lastKnownFileType = sourcecode.swift; path = AsciiArtist.swift; sourceTree = "<group>"; };
		54F4C6E71FFE6B8300F1511A /* AsciiPalette.swift */ = {isa = PBXFileReference; lastKnownFileType = sourcecode.swift; path = AsciiPalette.swift; sourceTree = "<group>"; };
		54F4C6E91FFE6B9900F1511A /* Pixel.swift */ = {isa = PBXFileReference; lastKnownFileType = sourcecode.swift; path = Pixel.swift; sourceTree = "<group>"; };
		54F4C6EB1FFE6BB800F1511A /* UIImage+Util.swift */ = {isa = PBXFileReference; lastKnownFileType = sourcecode.swift; path = "UIImage+Util.swift"; sourceTree = "<group>"; };
		54F4C6EE1FFE6C0100F1511A /* kermit.png */ = {isa = PBXFileReference; lastKnownFileType = image.png; path = kermit.png; sourceTree = "<group>"; };
		54F4C6EF1FFE6C0100F1511A /* monkey.png */ = {isa = PBXFileReference; lastKnownFileType = image.png; path = monkey.png; sourceTree = "<group>"; };
		54F4C6F01FFE6C0100F1511A /* batman.png */ = {isa = PBXFileReference; lastKnownFileType = image.png; path = batman.png; sourceTree = "<group>"; };
		E2F263FA2004AA65006E4DA1 /* Canvas.swift */ = {isa = PBXFileReference; lastKnownFileType = sourcecode.swift; path = Canvas.swift; sourceTree = "<group>"; };
/* End PBXFileReference section */

/* Begin PBXFrameworksBuildPhase section */
		54F4C6CD1FFE6B4B00F1511A /* Frameworks */ = {
			isa = PBXFrameworksBuildPhase;
			buildActionMask = 2147483647;
			files = (
			);
			runOnlyForDeploymentPostprocessing = 0;
		};
/* End PBXFrameworksBuildPhase section */

/* Begin PBXGroup section */
		54F4C6C71FFE6B4B00F1511A = {
			isa = PBXGroup;
			children = (
				54F4C6D21FFE6B4B00F1511A /* ArtPixel */,
				54F4C6D11FFE6B4B00F1511A /* Products */,
			);
			sourceTree = "<group>";
		};
		54F4C6D11FFE6B4B00F1511A /* Products */ = {
			isa = PBXGroup;
			children = (
				54F4C6D01FFE6B4B00F1511A /* ArtPixel.app */,
			);
			name = Products;
			sourceTree = "<group>";
		};
		54F4C6D21FFE6B4B00F1511A /* ArtPixel */ = {
			isa = PBXGroup;
			children = (
				54F4C6ED1FFE6BE700F1511A /* images */,
				54F4C6D31FFE6B4B00F1511A /* AppDelegate.swift */,
				54F4C6D51FFE6B4B00F1511A /* ViewController.swift */,
				E2F263FA2004AA65006E4DA1 /* Canvas.swift */,
				54F4C6E51FFE6B6600F1511A /* AsciiArtist.swift */,
				54F4C6E71FFE6B8300F1511A /* AsciiPalette.swift */,
				54F4C6E91FFE6B9900F1511A /* Pixel.swift */,
				54F4C6EB1FFE6BB800F1511A /* UIImage+Util.swift */,
				54F4C6D71FFE6B4B00F1511A /* Main.storyboard */,
				54F4C6DA1FFE6B4B00F1511A /* Assets.xcassets */,
				54F4C6DC1FFE6B4B00F1511A /* LaunchScreen.storyboard */,
				54F4C6DF1FFE6B4B00F1511A /* Info.plist */,
			);
			path = ArtPixel;
			sourceTree = "<group>";
		};
		54F4C6ED1FFE6BE700F1511A /* images */ = {
			isa = PBXGroup;
			children = (
				54F4C6F01FFE6C0100F1511A /* batman.png */,
				54F4C6EE1FFE6C0100F1511A /* kermit.png */,
				54F4C6EF1FFE6C0100F1511A /* monkey.png */,
			);
			path = images;
			sourceTree = "<group>";
		};
/* End PBXGroup section */

/* Begin PBXNativeTarget section */
		54F4C6CF1FFE6B4B00F1511A /* ArtPixel */ = {
			isa = PBXNativeTarget;
			buildConfigurationList = 54F4C6E21FFE6B4B00F1511A /* Build configuration list for PBXNativeTarget "ArtPixel" */;
			buildPhases = (
				54F4C6CC1FFE6B4B00F1511A /* Sources */,
				54F4C6CD1FFE6B4B00F1511A /* Frameworks */,
				54F4C6CE1FFE6B4B00F1511A /* Resources */,
			);
			buildRules = (
			);
			dependencies = (
			);
			name = ArtPixel;
			productName = ArtPixel;
			productReference = 54F4C6D01FFE6B4B00F1511A /* ArtPixel.app */;
			productType = "com.apple.product-type.application";
		};
/* End PBXNativeTarget section */

/* Begin PBXProject section */
		54F4C6C81FFE6B4B00F1511A /* Project object */ = {
			isa = PBXProject;
			attributes = {
				LastSwiftUpdateCheck = 0920;
				LastUpgradeCheck = 0920;
				ORGANIZATIONNAME = Chung;
				TargetAttributes = {
					54F4C6CF1FFE6B4B00F1511A = {
						CreatedOnToolsVersion = 9.2;
						ProvisioningStyle = Automatic;
					};
				};
			};
			buildConfigurationList = 54F4C6CB1FFE6B4B00F1511A /* Build configuration list for PBXProject "ArtPixel" */;
			compatibilityVersion = "Xcode 8.0";
			developmentRegion = en;
			hasScannedForEncodings = 0;
			knownRegions = (
				en,
				Base,
			);
			mainGroup = 54F4C6C71FFE6B4B00F1511A;
			productRefGroup = 54F4C6D11FFE6B4B00F1511A /* Products */;
			projectDirPath = "";
			projectRoot = "";
			targets = (
				54F4C6CF1FFE6B4B00F1511A /* ArtPixel */,
			);
		};
/* End PBXProject section */

/* Begin PBXResourcesBuildPhase section */
		54F4C6CE1FFE6B4B00F1511A /* Resources */ = {
			isa = PBXResourcesBuildPhase;
			buildActionMask = 2147483647;
			files = (
				54F4C6DE1FFE6B4B00F1511A /* LaunchScreen.storyboard in Resources */,
				54F4C6F11FFE6C0100F1511A /* kermit.png in Resources */,
				54F4C6F31FFE6C0100F1511A /* batman.png in Resources */,
				54F4C6F21FFE6C0100F1511A /* monkey.png in Resources */,
				54F4C6DB1FFE6B4B00F1511A /* Assets.xcassets in Resources */,
				54F4C6D91FFE6B4B00F1511A /* Main.storyboard in Resources */,
			);
			runOnlyForDeploymentPostprocessing = 0;
		};
/* End PBXResourcesBuildPhase section */

/* Begin PBXSourcesBuildPhase section */
		54F4C6CC1FFE6B4B00F1511A /* Sources */ = {
			isa = PBXSourcesBuildPhase;
			buildActionMask = 2147483647;
			files = (
				E2F263FB2004AA65006E4DA1 /* Canvas.swift in Sources */,
				54F4C6E61FFE6B6600F1511A /* AsciiArtist.swift in Sources */,
				54F4C6E81FFE6B8300F1511A /* AsciiPalette.swift in Sources */,
				54F4C6EA1FFE6B9900F1511A /* Pixel.swift in Sources */,
				54F4C6D61FFE6B4B00F1511A /* ViewController.swift in Sources */,
				54F4C6D41FFE6B4B00F1511A /* AppDelegate.swift in Sources */,
				54F4C6EC1FFE6BB800F1511A /* UIImage+Util.swift in Sources */,
			);
			runOnlyForDeploymentPostprocessing = 0;
		};
/* End PBXSourcesBuildPhase section */

/* Begin PBXVariantGroup section */
		54F4C6D71FFE6B4B00F1511A /* Main.storyboard */ = {
			isa = PBXVariantGroup;
			children = (
				54F4C6D81FFE6B4B00F1511A /* Base */,
			);
			name = Main.storyboard;
			sourceTree = "<group>";
		};
		54F4C6DC1FFE6B4B00F1511A /* LaunchScreen.storyboard */ = {
			isa = PBXVariantGroup;
			children = (
				54F4C6DD1FFE6B4B00F1511A /* Base */,
			);
			name = LaunchScreen.storyboard;
			sourceTree = "<group>";
		};
/* End PBXVariantGroup section */

/* Begin XCBuildConfiguration section */
		54F4C6E01FFE6B4B00F1511A /* Debug */ = {
			isa = XCBuildConfiguration;
			buildSettings = {
				ALWAYS_SEARCH_USER_PATHS = NO;
				CLANG_ANALYZER_NONNULL = YES;
				CLANG_ANALYZER_NUMBER_OBJECT_CONVERSION = YES_AGGRESSIVE;
				CLANG_CXX_LANGUAGE_STANDARD = "gnu++14";
				CLANG_CXX_LIBRARY = "libc++";
				CLANG_ENABLE_MODULES = YES;
				CLANG_ENABLE_OBJC_ARC = YES;
				CLANG_WARN_BLOCK_CAPTURE_AUTORELEASING = YES;
				CLANG_WARN_BOOL_CONVERSION = YES;
				CLANG_WARN_COMMA = YES;
				CLANG_WARN_CONSTANT_CONVERSION = YES;
				CLANG_WARN_DIRECT_OBJC_ISA_USAGE = YES_ERROR;
				CLANG_WARN_DOCUMENTATION_COMMENTS = YES;
				CLANG_WARN_EMPTY_BODY = YES;
				CLANG_WARN_ENUM_CONVERSION = YES;
				CLANG_WARN_INFINITE_RECURSION = YES;
				CLANG_WARN_INT_CONVERSION = YES;
				CLANG_WARN_NON_LITERAL_NULL_CONVERSION = YES;
				CLANG_WARN_OBJC_LITERAL_CONVERSION = YES;
				CLANG_WARN_OBJC_ROOT_CLASS = YES_ERROR;
				CLANG_WARN_RANGE_LOOP_ANALYSIS = YES;
				CLANG_WARN_STRICT_PROTOTYPES = YES;
				CLANG_WARN_SUSPICIOUS_MOVE = YES;
				CLANG_WARN_UNGUARDED_AVAILABILITY = YES_AGGRESSIVE;
				CLANG_WARN_UNREACHABLE_CODE = YES;
				CLANG_WARN__DUPLICATE_METHOD_MATCH = YES;
				CODE_SIGN_IDENTITY = "iPhone Developer";
				COPY_PHASE_STRIP = NO;
				DEBUG_INFORMATION_FORMAT = dwarf;
				ENABLE_STRICT_OBJC_MSGSEND = YES;
				ENABLE_TESTABILITY = YES;
				GCC_C_LANGUAGE_STANDARD = gnu11;
				GCC_DYNAMIC_NO_PIC = NO;
				GCC_NO_COMMON_BLOCKS = YES;
				GCC_OPTIMIZATION_LEVEL = 0;
				GCC_PREPROCESSOR_DEFINITIONS = (
					"DEBUG=1",
					"$(inherited)",
				);
				GCC_WARN_64_TO_32_BIT_CONVERSION = YES;
				GCC_WARN_ABOUT_RETURN_TYPE = YES_ERROR;
				GCC_WARN_UNDECLARED_SELECTOR = YES;
				GCC_WARN_UNINITIALIZED_AUTOS = YES_AGGRESSIVE;
				GCC_WARN_UNUSED_FUNCTION = YES;
				GCC_WARN_UNUSED_VARIABLE = YES;
				IPHONEOS_DEPLOYMENT_TARGET = 11.2;
				MTL_ENABLE_DEBUG_INFO = YES;
				ONLY_ACTIVE_ARCH = YES;
				SDKROOT = iphoneos;
				SWIFT_ACTIVE_COMPILATION_CONDITIONS = DEBUG;
				SWIFT_OPTIMIZATION_LEVEL = "-Onone";
			};
			name = Debug;
		};
		54F4C6E11FFE6B4B00F1511A /* Release */ = {
			isa = XCBuildConfiguration;
			buildSettings = {
				ALWAYS_SEARCH_USER_PATHS = NO;
				CLANG_ANALYZER_NONNULL = YES;
				CLANG_ANALYZER_NUMBER_OBJECT_CONVERSION = YES_AGGRESSIVE;
				CLANG_CXX_LANGUAGE_STANDARD = "gnu++14";
				CLANG_CXX_LIBRARY = "libc++";
				CLANG_ENABLE_MODULES = YES;
				CLANG_ENABLE_OBJC_ARC = YES;
				CLANG_WARN_BLOCK_CAPTURE_AUTORELEASING = YES;
				CLANG_WARN_BOOL_CONVERSION = YES;
				CLANG_WARN_COMMA = YES;
				CLANG_WARN_CONSTANT_CONVERSION = YES;
				CLANG_WARN_DIRECT_OBJC_ISA_USAGE = YES_ERROR;
				CLANG_WARN_DOCUMENTATION_COMMENTS = YES;
				CLANG_WARN_EMPTY_BODY = YES;
				CLANG_WARN_ENUM_CONVERSION = YES;
				CLANG_WARN_INFINITE_RECURSION = YES;
				CLANG_WARN_INT_CONVERSION = YES;
				CLANG_WARN_NON_LITERAL_NULL_CONVERSION = YES;
				CLANG_WARN_OBJC_LITERAL_CONVERSION = YES;
				CLANG_WARN_OBJC_ROOT_CLASS = YES_ERROR;
				CLANG_WARN_RANGE_LOOP_ANALYSIS = YES;
				CLANG_WARN_STRICT_PROTOTYPES = YES;
				CLANG_WARN_SUSPICIOUS_MOVE = YES;
				CLANG_WARN_UNGUARDED_AVAILABILITY = YES_AGGRESSIVE;
				CLANG_WARN_UNREACHABLE_CODE = YES;
				CLANG_WARN__DUPLICATE_METHOD_MATCH = YES;
				CODE_SIGN_IDENTITY = "iPhone Developer";
				COPY_PHASE_STRIP = NO;
				DEBUG_INFORMATION_FORMAT = "dwarf-with-dsym";
				ENABLE_NS_ASSERTIONS = NO;
				ENABLE_STRICT_OBJC_MSGSEND = YES;
				GCC_C_LANGUAGE_STANDARD = gnu11;
				GCC_NO_COMMON_BLOCKS = YES;
				GCC_WARN_64_TO_32_BIT_CONVERSION = YES;
				GCC_WARN_ABOUT_RETURN_TYPE = YES_ERROR;
				GCC_WARN_UNDECLARED_SELECTOR = YES;
				GCC_WARN_UNINITIALIZED_AUTOS = YES_AGGRESSIVE;
				GCC_WARN_UNUSED_FUNCTION = YES;
				GCC_WARN_UNUSED_VARIABLE = YES;
				IPHONEOS_DEPLOYMENT_TARGET = 11.2;
				MTL_ENABLE_DEBUG_INFO = NO;
				SDKROOT = iphoneos;
				SWIFT_OPTIMIZATION_LEVEL = "-Owholemodule";
				VALIDATE_PRODUCT = YES;
			};
			name = Release;
		};
		54F4C6E31FFE6B4B00F1511A /* Debug */ = {
			isa = XCBuildConfiguration;
			buildSettings = {
				ASSETCATALOG_COMPILER_APPICON_NAME = AppIcon;
				CODE_SIGN_STYLE = Automatic;
				INFOPLIST_FILE = ArtPixel/Info.plist;
				LD_RUNPATH_SEARCH_PATHS = "$(inherited) @executable_path/Frameworks";
				PRODUCT_BUNDLE_IDENTIFIER = BigZero.ArtPixel;
				PRODUCT_NAME = "$(TARGET_NAME)";
				SWIFT_VERSION = 4.0;
				TARGETED_DEVICE_FAMILY = "1,2";
			};
			name = Debug;
		};
		54F4C6E41FFE6B4B00F1511A /* Release */ = {
			isa = XCBuildConfiguration;
			buildSettings = {
				ASSETCATALOG_COMPILER_APPICON_NAME = AppIcon;
				CODE_SIGN_STYLE = Automatic;
				INFOPLIST_FILE = ArtPixel/Info.plist;
				LD_RUNPATH_SEARCH_PATHS = "$(inherited) @executable_path/Frameworks";
				PRODUCT_BUNDLE_IDENTIFIER = BigZero.ArtPixel;
				PRODUCT_NAME = "$(TARGET_NAME)";
				SWIFT_VERSION = 4.0;
				TARGETED_DEVICE_FAMILY = "1,2";
			};
			name = Release;
		};
/* End XCBuildConfiguration section */

/* Begin XCConfigurationList section */
		54F4C6CB1FFE6B4B00F1511A /* Build configuration list for PBXProject "ArtPixel" */ = {
			isa = XCConfigurationList;
			buildConfigurations = (
				54F4C6E01FFE6B4B00F1511A /* Debug */,
				54F4C6E11FFE6B4B00F1511A /* Release */,
			);
			defaultConfigurationIsVisible = 0;
			defaultConfigurationName = Release;
		};
		54F4C6E21FFE6B4B00F1511A /* Build configuration list for PBXNativeTarget "ArtPixel" */ = {
			isa = XCConfigurationList;
			buildConfigurations = (
				54F4C6E31FFE6B4B00F1511A /* Debug */,
				54F4C6E41FFE6B4B00F1511A /* Release */,
			);
			defaultConfigurationIsVisible = 0;
			defaultConfigurationName = Release;
		};
/* End XCConfigurationList section */
	};
	rootObject = 54F4C6C81FFE6B4B00F1511A /* Project object */;
}
